// !$*UTF8*$!
{
	archiveVersion = 1;
	classes = {
	};
	objectVersion = 46;
	objects = {

/* Begin PBXBuildFile section */
		5A51D1101BD8334900915522 /* PokemonDetailVC.swift in Sources */ = {isa = PBXBuildFile; fileRef = 5A51D10F1BD8334900915522 /* PokemonDetailVC.swift */; settings = {ASSET_TAGS = (); }; };
		5AD260001BD875E80082B78C /* Constants.swift in Sources */ = {isa = PBXBuildFile; fileRef = 5AD25FFF1BD875E80082B78C /* Constants.swift */; settings = {ASSET_TAGS = (); }; };
		5AFED6F61BD6F1C000B991F8 /* AppDelegate.swift in Sources */ = {isa = PBXBuildFile; fileRef = 5AFED6F51BD6F1C000B991F8 /* AppDelegate.swift */; };
		5AFED6F81BD6F1C000B991F8 /* ViewController.swift in Sources */ = {isa = PBXBuildFile; fileRef = 5AFED6F71BD6F1C000B991F8 /* ViewController.swift */; };
		5AFED6FB1BD6F1C000B991F8 /* Main.storyboard in Resources */ = {isa = PBXBuildFile; fileRef = 5AFED6F91BD6F1C000B991F8 /* Main.storyboard */; };
		5AFED6FD1BD6F1C000B991F8 /* Assets.xcassets in Resources */ = {isa = PBXBuildFile; fileRef = 5AFED6FC1BD6F1C000B991F8 /* Assets.xcassets */; };
		5AFED7001BD6F1C000B991F8 /* LaunchScreen.storyboard in Resources */ = {isa = PBXBuildFile; fileRef = 5AFED6FE1BD6F1C000B991F8 /* LaunchScreen.storyboard */; };
		5AFED70B1BD6F1C000B991F8 /* pokedexTests.swift in Sources */ = {isa = PBXBuildFile; fileRef = 5AFED70A1BD6F1C000B991F8 /* pokedexTests.swift */; };
		5AFED7161BD6F1C000B991F8 /* pokedexUITests.swift in Sources */ = {isa = PBXBuildFile; fileRef = 5AFED7151BD6F1C000B991F8 /* pokedexUITests.swift */; };
		5AFED7241BD6F62100B991F8 /* pokemon.csv in Resources */ = {isa = PBXBuildFile; fileRef = 5AFED7231BD6F62100B991F8 /* pokemon.csv */; settings = {ASSET_TAGS = (); }; };
		5AFED7271BD6F7F500B991F8 /* Pokemon.swift in Sources */ = {isa = PBXBuildFile; fileRef = 5AFED7261BD6F7F500B991F8 /* Pokemon.swift */; settings = {ASSET_TAGS = (); }; };
		5AFED72C1BD7001F00B991F8 /* PokeCell.swift in Sources */ = {isa = PBXBuildFile; fileRef = 5AFED72B1BD7001F00B991F8 /* PokeCell.swift */; settings = {ASSET_TAGS = (); }; };
		5AFED72E1BD70CFD00B991F8 /* csv.swift in Sources */ = {isa = PBXBuildFile; fileRef = 5AFED72D1BD70CFD00B991F8 /* csv.swift */; settings = {ASSET_TAGS = (); }; };
		5AFED7331BD713E000B991F8 /* Pokemon.ttf in Resources */ = {isa = PBXBuildFile; fileRef = 5AFED7321BD713E000B991F8 /* Pokemon.ttf */; settings = {ASSET_TAGS = (); }; };
		5AFED7371BD718F400B991F8 /* mu.png in Resources */ = {isa = PBXBuildFile; fileRef = 5AFED7361BD718F400B991F8 /* mu.png */; settings = {ASSET_TAGS = (); }; };
		D229A862B889165D21F22826 /* Pods_pokedex.framework in Frameworks */ = {isa = PBXBuildFile; fileRef = 0093AB04D6C61B83EFDAF228 /* Pods_pokedex.framework */; };
/* End PBXBuildFile section */

/* Begin PBXContainerItemProxy section */
		5AFED7071BD6F1C000B991F8 /* PBXContainerItemProxy */ = {
			isa = PBXContainerItemProxy;
			containerPortal = 5AFED6EA1BD6F1BF00B991F8 /* Project object */;
			proxyType = 1;
			remoteGlobalIDString = 5AFED6F11BD6F1BF00B991F8;
			remoteInfo = pokedex;
		};
		5AFED7121BD6F1C000B991F8 /* PBXContainerItemProxy */ = {
			isa = PBXContainerItemProxy;
			containerPortal = 5AFED6EA1BD6F1BF00B991F8 /* Project object */;
			proxyType = 1;
			remoteGlobalIDString = 5AFED6F11BD6F1BF00B991F8;
			remoteInfo = pokedex;
		};
/* End PBXContainerItemProxy section */

/* Begin PBXFileReference section */
		0093AB04D6C61B83EFDAF228 /* Pods_pokedex.framework */ = {isa = PBXFileReference; explicitFileType = wrapper.framework; includeInIndex = 0; path = Pods_pokedex.framework; sourceTree = BUILT_PRODUCTS_DIR; };
		537C071407B6987D28F3D85F /* Pods-pokedex.debug.xcconfig */ = {isa = PBXFileReference; includeInIndex = 1; lastKnownFileType = text.xcconfig; name = "Pods-pokedex.debug.xcconfig"; path = "Pods/Target Support Files/Pods-pokedex/Pods-pokedex.debug.xcconfig"; sourceTree = "<group>"; };
		5A51D10F1BD8334900915522 /* PokemonDetailVC.swift */ = {isa = PBXFileReference; fileEncoding = 4; lastKnownFileType = sourcecode.swift; path = PokemonDetailVC.swift; sourceTree = "<group>"; };
		5AD25FFF1BD875E80082B78C /* Constants.swift */ = {isa = PBXFileReference; fileEncoding = 4; lastKnownFileType = sourcecode.swift; path = Constants.swift; sourceTree = "<group>"; };
		5AFED6F21BD6F1C000B991F8 /* pokedex.app */ = {isa = PBXFileReference; explicitFileType = wrapper.application; includeInIndex = 0; path = pokedex.app; sourceTree = BUILT_PRODUCTS_DIR; };
		5AFED6F51BD6F1C000B991F8 /* AppDelegate.swift */ = {isa = PBXFileReference; lastKnownFileType = sourcecode.swift; path = AppDelegate.swift; sourceTree = "<group>"; };
		5AFED6F71BD6F1C000B991F8 /* ViewController.swift */ = {isa = PBXFileReference; lastKnownFileType = sourcecode.swift; path = ViewController.swift; sourceTree = "<group>"; };
		5AFED6FA1BD6F1C000B991F8 /* Base */ = {isa = PBXFileReference; lastKnownFileType = file.storyboard; name = Base; path = Base.lproj/Main.storyboard; sourceTree = "<group>"; };
		5AFED6FC1BD6F1C000B991F8 /* Assets.xcassets */ = {isa = PBXFileReference; lastKnownFileType = folder.assetcatalog; path = Assets.xcassets; sourceTree = "<group>"; };
		5AFED6FF1BD6F1C000B991F8 /* Base */ = {isa = PBXFileReference; lastKnownFileType = file.storyboard; name = Base; path = Base.lproj/LaunchScreen.storyboard; sourceTree = "<group>"; };
		5AFED7011BD6F1C000B991F8 /* Info.plist */ = {isa = PBXFileReference; lastKnownFileType = text.plist.xml; path = Info.plist; sourceTree = "<group>"; };
		5AFED7061BD6F1C000B991F8 /* pokedexTests.xctest */ = {isa = PBXFileReference; explicitFileType = wrapper.cfbundle; includeInIndex = 0; path = pokedexTests.xctest; sourceTree = BUILT_PRODUCTS_DIR; };
		5AFED70A1BD6F1C000B991F8 /* pokedexTests.swift */ = {isa = PBXFileReference; lastKnownFileType = sourcecode.swift; path = pokedexTests.swift; sourceTree = "<group>"; };
		5AFED70C1BD6F1C000B991F8 /* Info.plist */ = {isa = PBXFileReference; lastKnownFileType = text.plist.xml; path = Info.plist; sourceTree = "<group>"; };
		5AFED7111BD6F1C000B991F8 /* pokedexUITests.xctest */ = {isa = PBXFileReference; explicitFileType = wrapper.cfbundle; includeInIndex = 0; path = pokedexUITests.xctest; sourceTree = BUILT_PRODUCTS_DIR; };
		5AFED7151BD6F1C000B991F8 /* pokedexUITests.swift */ = {isa = PBXFileReference; lastKnownFileType = sourcecode.swift; path = pokedexUITests.swift; sourceTree = "<group>"; };
		5AFED7171BD6F1C000B991F8 /* Info.plist */ = {isa = PBXFileReference; lastKnownFileType = text.plist.xml; path = Info.plist; sourceTree = "<group>"; };
		5AFED7231BD6F62100B991F8 /* pokemon.csv */ = {isa = PBXFileReference; fileEncoding = 4; lastKnownFileType = text; name = pokemon.csv; path = ../pokemon.csv; sourceTree = "<group>"; };
		5AFED7261BD6F7F500B991F8 /* Pokemon.swift */ = {isa = PBXFileReference; fileEncoding = 4; lastKnownFileType = sourcecode.swift; path = Pokemon.swift; sourceTree = "<group>"; };
		5AFED7291BD6F9B200B991F8 /* en */ = {isa = PBXFileReference; lastKnownFileType = text.plist.strings; name = en; path = en.lproj/Main.strings; sourceTree = "<group>"; };
		5AFED72B1BD7001F00B991F8 /* PokeCell.swift */ = {isa = PBXFileReference; fileEncoding = 4; lastKnownFileType = sourcecode.swift; path = PokeCell.swift; sourceTree = "<group>"; };
		5AFED72D1BD70CFD00B991F8 /* csv.swift */ = {isa = PBXFileReference; fileEncoding = 4; lastKnownFileType = sourcecode.swift; name = csv.swift; path = ../csv.swift; sourceTree = "<group>"; };
		5AFED7321BD713E000B991F8 /* Pokemon.ttf */ = {isa = PBXFileReference; lastKnownFileType = file; path = Pokemon.ttf; sourceTree = "<group>"; };
		5AFED7361BD718F400B991F8 /* mu.png */ = {isa = PBXFileReference; lastKnownFileType = image.png; path = mu.png; sourceTree = "<group>"; };
		6FB8CF44D39183427CD43DF3 /* Pods-pokedex.release.xcconfig */ = {isa = PBXFileReference; includeInIndex = 1; lastKnownFileType = text.xcconfig; name = "Pods-pokedex.release.xcconfig"; path = "Pods/Target Support Files/Pods-pokedex/Pods-pokedex.release.xcconfig"; sourceTree = "<group>"; };
/* End PBXFileReference section */

/* Begin PBXFrameworksBuildPhase section */
		5AFED6EF1BD6F1BF00B991F8 /* Frameworks */ = {
			isa = PBXFrameworksBuildPhase;
			buildActionMask = 2147483647;
			files = (
				D229A862B889165D21F22826 /* Pods_pokedex.framework in Frameworks */,
			);
			runOnlyForDeploymentPostprocessing = 0;
		};
		5AFED7031BD6F1C000B991F8 /* Frameworks */ = {
			isa = PBXFrameworksBuildPhase;
			buildActionMask = 2147483647;
			files = (
			);
			runOnlyForDeploymentPostprocessing = 0;
		};
		5AFED70E1BD6F1C000B991F8 /* Frameworks */ = {
			isa = PBXFrameworksBuildPhase;
			buildActionMask = 2147483647;
			files = (
			);
			runOnlyForDeploymentPostprocessing = 0;
		};
/* End PBXFrameworksBuildPhase section */

/* Begin PBXGroup section */
		5AFED6E91BD6F1BF00B991F8 = {
			isa = PBXGroup;
			children = (
				5AFED6F41BD6F1C000B991F8 /* pokedex */,
				5AFED7091BD6F1C000B991F8 /* pokedexTests */,
				5AFED7141BD6F1C000B991F8 /* pokedexUITests */,
				5AFED6F31BD6F1C000B991F8 /* Products */,
				9AB67FEED4D7C05FFE4EA3FA /* Pods */,
				C1B4D53D82BE37CA6921DB75 /* Frameworks */,
			);
			sourceTree = "<group>";
		};
		5AFED6F31BD6F1C000B991F8 /* Products */ = {
			isa = PBXGroup;
			children = (
				5AFED6F21BD6F1C000B991F8 /* pokedex.app */,
				5AFED7061BD6F1C000B991F8 /* pokedexTests.xctest */,
				5AFED7111BD6F1C000B991F8 /* pokedexUITests.xctest */,
			);
			name = Products;
			sourceTree = "<group>";
		};
		5AFED6F41BD6F1C000B991F8 /* pokedex */ = {
			isa = PBXGroup;
			children = (
				5AFED7251BD6F7BD00B991F8 /* Model */,
				5AFED72A1BD6FFC400B991F8 /* View */,
				5AFED7301BD70D3200B991F8 /* Controller */,
				5AFED72F1BD70D1500B991F8 /* Util */,
				5AFED7311BD70D4100B991F8 /* Resources */,
				5AFED6F51BD6F1C000B991F8 /* AppDelegate.swift */,
				5AFED6F91BD6F1C000B991F8 /* Main.storyboard */,
				5AFED6FC1BD6F1C000B991F8 /* Assets.xcassets */,
				5AFED6FE1BD6F1C000B991F8 /* LaunchScreen.storyboard */,
				5AFED7011BD6F1C000B991F8 /* Info.plist */,
			);
			path = pokedex;
			sourceTree = "<group>";
		};
		5AFED7091BD6F1C000B991F8 /* pokedexTests */ = {
			isa = PBXGroup;
			children = (
				5AFED70A1BD6F1C000B991F8 /* pokedexTests.swift */,
				5AFED70C1BD6F1C000B991F8 /* Info.plist */,
			);
			path = pokedexTests;
			sourceTree = "<group>";
		};
		5AFED7141BD6F1C000B991F8 /* pokedexUITests */ = {
			isa = PBXGroup;
			children = (
				5AFED7151BD6F1C000B991F8 /* pokedexUITests.swift */,
				5AFED7171BD6F1C000B991F8 /* Info.plist */,
			);
			path = pokedexUITests;
			sourceTree = "<group>";
		};
		5AFED7251BD6F7BD00B991F8 /* Model */ = {
			isa = PBXGroup;
			children = (
				5AFED7261BD6F7F500B991F8 /* Pokemon.swift */,
			);
			name = Model;
			sourceTree = "<group>";
		};
		5AFED72A1BD6FFC400B991F8 /* View */ = {
			isa = PBXGroup;
			children = (
				5AFED72B1BD7001F00B991F8 /* PokeCell.swift */,
			);
			name = View;
			sourceTree = "<group>";
		};
		5AFED72F1BD70D1500B991F8 /* Util */ = {
			isa = PBXGroup;
			children = (
				5AFED72D1BD70CFD00B991F8 /* csv.swift */,
				5AD25FFF1BD875E80082B78C /* Constants.swift */,
			);
			name = Util;
			sourceTree = "<group>";
		};
		5AFED7301BD70D3200B991F8 /* Controller */ = {
			isa = PBXGroup;
			children = (
				5AFED6F71BD6F1C000B991F8 /* ViewController.swift */,
				5A51D10F1BD8334900915522 /* PokemonDetailVC.swift */,
			);
			name = Controller;
			sourceTree = "<group>";
		};
		5AFED7311BD70D4100B991F8 /* Resources */ = {
			isa = PBXGroup;
			children = (
				5AFED7321BD713E000B991F8 /* Pokemon.ttf */,
				5AFED7361BD718F400B991F8 /* mu.png */,
				5AFED7231BD6F62100B991F8 /* pokemon.csv */,
			);
			name = Resources;
			sourceTree = "<group>";
		};
		9AB67FEED4D7C05FFE4EA3FA /* Pods */ = {
			isa = PBXGroup;
			children = (
				537C071407B6987D28F3D85F /* Pods-pokedex.debug.xcconfig */,
				6FB8CF44D39183427CD43DF3 /* Pods-pokedex.release.xcconfig */,
			);
			name = Pods;
			sourceTree = "<group>";
		};
		C1B4D53D82BE37CA6921DB75 /* Frameworks */ = {
			isa = PBXGroup;
			children = (
				0093AB04D6C61B83EFDAF228 /* Pods_pokedex.framework */,
			);
			name = Frameworks;
			sourceTree = "<group>";
		};
/* End PBXGroup section */

/* Begin PBXNativeTarget section */
		5AFED6F11BD6F1BF00B991F8 /* pokedex */ = {
			isa = PBXNativeTarget;
			buildConfigurationList = 5AFED71A1BD6F1C000B991F8 /* Build configuration list for PBXNativeTarget "pokedex" */;
			buildPhases = (
				8EC710510C268F984B4A3180 /* Check Pods Manifest.lock */,
				5AFED6EE1BD6F1BF00B991F8 /* Sources */,
				5AFED6EF1BD6F1BF00B991F8 /* Frameworks */,
				5AFED6F01BD6F1BF00B991F8 /* Resources */,
				3CC04F2CD2334D9B76FB1D54 /* Embed Pods Frameworks */,
				698CCAC90015514DAF1F7CCD /* Copy Pods Resources */,
			);
			buildRules = (
			);
			dependencies = (
			);
			name = pokedex;
			productName = pokedex;
			productReference = 5AFED6F21BD6F1C000B991F8 /* pokedex.app */;
			productType = "com.apple.product-type.application";
		};
		5AFED7051BD6F1C000B991F8 /* pokedexTests */ = {
			isa = PBXNativeTarget;
			buildConfigurationList = 5AFED71D1BD6F1C000B991F8 /* Build configuration list for PBXNativeTarget "pokedexTests" */;
			buildPhases = (
				5AFED7021BD6F1C000B991F8 /* Sources */,
				5AFED7031BD6F1C000B991F8 /* Frameworks */,
				5AFED7041BD6F1C000B991F8 /* Resources */,
			);
			buildRules = (
			);
			dependencies = (
				5AFED7081BD6F1C000B991F8 /* PBXTargetDependency */,
			);
			name = pokedexTests;
			productName = pokedexTests;
			productReference = 5AFED7061BD6F1C000B991F8 /* pokedexTests.xctest */;
			productType = "com.apple.product-type.bundle.unit-test";
		};
		5AFED7101BD6F1C000B991F8 /* pokedexUITests */ = {
			isa = PBXNativeTarget;
			buildConfigurationList = 5AFED7201BD6F1C000B991F8 /* Build configuration list for PBXNativeTarget "pokedexUITests" */;
			buildPhases = (
				5AFED70D1BD6F1C000B991F8 /* Sources */,
				5AFED70E1BD6F1C000B991F8 /* Frameworks */,
				5AFED70F1BD6F1C000B991F8 /* Resources */,
			);
			buildRules = (
			);
			dependencies = (
				5AFED7131BD6F1C000B991F8 /* PBXTargetDependency */,
			);
			name = pokedexUITests;
			productName = pokedexUITests;
			productReference = 5AFED7111BD6F1C000B991F8 /* pokedexUITests.xctest */;
			productType = "com.apple.product-type.bundle.ui-testing";
		};
/* End PBXNativeTarget section */

/* Begin PBXProject section */
		5AFED6EA1BD6F1BF00B991F8 /* Project object */ = {
			isa = PBXProject;
			attributes = {
				LastUpgradeCheck = 0700;
				ORGANIZATIONNAME = liusicheng;
				TargetAttributes = {
					5AFED6F11BD6F1BF00B991F8 = {
						CreatedOnToolsVersion = 7.0;
					};
					5AFED7051BD6F1C000B991F8 = {
						CreatedOnToolsVersion = 7.0;
						TestTargetID = 5AFED6F11BD6F1BF00B991F8;
					};
					5AFED7101BD6F1C000B991F8 = {
						CreatedOnToolsVersion = 7.0;
						TestTargetID = 5AFED6F11BD6F1BF00B991F8;
					};
				};
			};
			buildConfigurationList = 5AFED6ED1BD6F1BF00B991F8 /* Build configuration list for PBXProject "pokedex" */;
			compatibilityVersion = "Xcode 3.2";
			developmentRegion = English;
			hasScannedForEncodings = 0;
			knownRegions = (
				en,
				Base,
			);
			mainGroup = 5AFED6E91BD6F1BF00B991F8;
			productRefGroup = 5AFED6F31BD6F1C000B991F8 /* Products */;
			projectDirPath = "";
			projectRoot = "";
			targets = (
				5AFED6F11BD6F1BF00B991F8 /* pokedex */,
				5AFED7051BD6F1C000B991F8 /* pokedexTests */,
				5AFED7101BD6F1C000B991F8 /* pokedexUITests */,
			);
		};
/* End PBXProject section */

/* Begin PBXResourcesBuildPhase section */
		5AFED6F01BD6F1BF00B991F8 /* Resources */ = {
			isa = PBXResourcesBuildPhase;
			buildActionMask = 2147483647;
			files = (
				5AFED7371BD718F400B991F8 /* mu.png in Resources */,
				5AFED7001BD6F1C000B991F8 /* LaunchScreen.storyboard in Resources */,
				5AFED7331BD713E000B991F8 /* Pokemon.ttf in Resources */,
				5AFED6FD1BD6F1C000B991F8 /* Assets.xcassets in Resources */,
				5AFED7241BD6F62100B991F8 /* pokemon.csv in Resources */,
				5AFED6FB1BD6F1C000B991F8 /* Main.storyboard in Resources */,
			);
			runOnlyForDeploymentPostprocessing = 0;
		};
		5AFED7041BD6F1C000B991F8 /* Resources */ = {
			isa = PBXResourcesBuildPhase;
			buildActionMask = 2147483647;
			files = (
			);
			runOnlyForDeploymentPostprocessing = 0;
		};
		5AFED70F1BD6F1C000B991F8 /* Resources */ = {
			isa = PBXResourcesBuildPhase;
			buildActionMask = 2147483647;
			files = (
			);
			runOnlyForDeploymentPostprocessing = 0;
		};
/* End PBXResourcesBuildPhase section */

/* Begin PBXShellScriptBuildPhase section */
		3CC04F2CD2334D9B76FB1D54 /* Embed Pods Frameworks */ = {
			isa = PBXShellScriptBuildPhase;
			buildActionMask = 2147483647;
			files = (
			);
			inputPaths = (
			);
			name = "Embed Pods Frameworks";
			outputPaths = (
			);
			runOnlyForDeploymentPostprocessing = 0;
			shellPath = /bin/sh;
			shellScript = "\"${SRCROOT}/Pods/Target Support Files/Pods-pokedex/Pods-pokedex-frameworks.sh\"\n";
			showEnvVarsInLog = 0;
		};
		698CCAC90015514DAF1F7CCD /* Copy Pods Resources */ = {
			isa = PBXShellScriptBuildPhase;
			buildActionMask = 2147483647;
			files = (
			);
			inputPaths = (
			);
			name = "Copy Pods Resources";
			outputPaths = (
			);
			runOnlyForDeploymentPostprocessing = 0;
			shellPath = /bin/sh;
			shellScript = "\"${SRCROOT}/Pods/Target Support Files/Pods-pokedex/Pods-pokedex-resources.sh\"\n";
			showEnvVarsInLog = 0;
		};
		8EC710510C268F984B4A3180 /* Check Pods Manifest.lock */ = {
			isa = PBXShellScriptBuildPhase;
			buildActionMask = 2147483647;
			files = (
			);
			inputPaths = (
			);
			name = "Check Pods Manifest.lock";
			outputPaths = (
			);
			runOnlyForDeploymentPostprocessing = 0;
			shellPath = /bin/sh;
			shellScript = "diff \"${PODS_ROOT}/../Podfile.lock\" \"${PODS_ROOT}/Manifest.lock\" > /dev/null\nif [[ $? != 0 ]] ; then\n    cat << EOM\nerror: The sandbox is not in sync with the Podfile.lock. Run 'pod install' or update your CocoaPods installation.\nEOM\n    exit 1\nfi\n";
			showEnvVarsInLog = 0;
		};
/* End PBXShellScriptBuildPhase section */

/* Begin PBXSourcesBuildPhase section */
		5AFED6EE1BD6F1BF00B991F8 /* Sources */ = {
			isa = PBXSourcesBuildPhase;
			buildActionMask = 2147483647;
			files = (
				5AFED72C1BD7001F00B991F8 /* PokeCell.swift in Sources */,
				5AFED6F81BD6F1C000B991F8 /* ViewController.swift in Sources */,
				5AFED6F61BD6F1C000B991F8 /* AppDelegate.swift in Sources */,
				5A51D1101BD8334900915522 /* PokemonDetailVC.swift in Sources */,
				5AD260001BD875E80082B78C /* Constants.swift in Sources */,
				5AFED7271BD6F7F500B991F8 /* Pokemon.swift in Sources */,
				5AFED72E1BD70CFD00B991F8 /* csv.swift in Sources */,
			);
			runOnlyForDeploymentPostprocessing = 0;
		};
		5AFED7021BD6F1C000B991F8 /* Sources */ = {
			isa = PBXSourcesBuildPhase;
			buildActionMask = 2147483647;
			files = (
				5AFED70B1BD6F1C000B991F8 /* pokedexTests.swift in Sources */,
			);
			runOnlyForDeploymentPostprocessing = 0;
		};
		5AFED70D1BD6F1C000B991F8 /* Sources */ = {
			isa = PBXSourcesBuildPhase;
			buildActionMask = 2147483647;
			files = (
				5AFED7161BD6F1C000B991F8 /* pokedexUITests.swift in Sources */,
			);
			runOnlyForDeploymentPostprocessing = 0;
		};
/* End PBXSourcesBuildPhase section */

/* Begin PBXTargetDependency section */
		5AFED7081BD6F1C000B991F8 /* PBXTargetDependency */ = {
			isa = PBXTargetDependency;
			target = 5AFED6F11BD6F1BF00B991F8 /* pokedex */;
			targetProxy = 5AFED7071BD6F1C000B991F8 /* PBXContainerItemProxy */;
		};
		5AFED7131BD6F1C000B991F8 /* PBXTargetDependency */ = {
			isa = PBXTargetDependency;
			target = 5AFED6F11BD6F1BF00B991F8 /* pokedex */;
			targetProxy = 5AFED7121BD6F1C000B991F8 /* PBXContainerItemProxy */;
		};
/* End PBXTargetDependency section */

/* Begin PBXVariantGroup section */
		5AFED6F91BD6F1C000B991F8 /* Main.storyboard */ = {
			isa = PBXVariantGroup;
			children = (
				5AFED6FA1BD6F1C000B991F8 /* Base */,
				5AFED7291BD6F9B200B991F8 /* en */,
			);
			name = Main.storyboard;
			sourceTree = "<group>";
		};
		5AFED6FE1BD6F1C000B991F8 /* LaunchScreen.storyboard */ = {
			isa = PBXVariantGroup;
			children = (
				5AFED6FF1BD6F1C000B991F8 /* Base */,
			);
			name = LaunchScreen.storyboard;
			sourceTree = "<group>";
		};
/* End PBXVariantGroup section */

/* Begin XCBuildConfiguration section */
		5AFED7181BD6F1C000B991F8 /* Debug */ = {
			isa = XCBuildConfiguration;
			buildSettings = {
				ALWAYS_SEARCH_USER_PATHS = NO;
				CLANG_CXX_LANGUAGE_STANDARD = "gnu++0x";
				CLANG_CXX_LIBRARY = "libc++";
				CLANG_ENABLE_MODULES = YES;
				CLANG_ENABLE_OBJC_ARC = YES;
				CLANG_WARN_BOOL_CONVERSION = YES;
				CLANG_WARN_CONSTANT_CONVERSION = YES;
				CLANG_WARN_DIRECT_OBJC_ISA_USAGE = YES_ERROR;
				CLANG_WARN_EMPTY_BODY = YES;
				CLANG_WARN_ENUM_CONVERSION = YES;
				CLANG_WARN_INT_CONVERSION = YES;
				CLANG_WARN_OBJC_ROOT_CLASS = YES_ERROR;
				CLANG_WARN_UNREACHABLE_CODE = YES;
				CLANG_WARN__DUPLICATE_METHOD_MATCH = YES;
				"CODE_SIGN_IDENTITY[sdk=iphoneos*]" = "iPhone Developer";
				COPY_PHASE_STRIP = NO;
				DEBUG_INFORMATION_FORMAT = dwarf;
				ENABLE_STRICT_OBJC_MSGSEND = YES;
				ENABLE_TESTABILITY = YES;
				GCC_C_LANGUAGE_STANDARD = gnu99;
				GCC_DYNAMIC_NO_PIC = NO;
				GCC_NO_COMMON_BLOCKS = YES;
				GCC_OPTIMIZATION_LEVEL = 0;
				GCC_PREPROCESSOR_DEFINITIONS = (
					"DEBUG=1",
					"$(inherited)",
				);
				GCC_WARN_64_TO_32_BIT_CONVERSION = YES;
				GCC_WARN_ABOUT_RETURN_TYPE = YES_ERROR;
				GCC_WARN_UNDECLARED_SELECTOR = YES;
				GCC_WARN_UNINITIALIZED_AUTOS = YES_AGGRESSIVE;
				GCC_WARN_UNUSED_FUNCTION = YES;
				GCC_WARN_UNUSED_VARIABLE = YES;
				IPHONEOS_DEPLOYMENT_TARGET = 9.0;
				MTL_ENABLE_DEBUG_INFO = YES;
				ONLY_ACTIVE_ARCH = YES;
				SDKROOT = iphoneos;
				SWIFT_OPTIMIZATION_LEVEL = "-Onone";
			};
			name = Debug;
		};
		5AFED7191BD6F1C000B991F8 /* Release */ = {
			isa = XCBuildConfiguration;
			buildSettings = {
				ALWAYS_SEARCH_USER_PATHS = NO;
				CLANG_CXX_LANGUAGE_STANDARD = "gnu++0x";
				CLANG_CXX_LIBRARY = "libc++";
				CLANG_ENABLE_MODULES = YES;
				CLANG_ENABLE_OBJC_ARC = YES;
				CLANG_WARN_BOOL_CONVERSION = YES;
				CLANG_WARN_CONSTANT_CONVERSION = YES;
				CLANG_WARN_DIRECT_OBJC_ISA_USAGE = YES_ERROR;
				CLANG_WARN_EMPTY_BODY = YES;
				CLANG_WARN_ENUM_CONVERSION = YES;
				CLANG_WARN_INT_CONVERSION = YES;
				CLANG_WARN_OBJC_ROOT_CLASS = YES_ERROR;
				CLANG_WARN_UNREACHABLE_CODE = YES;
				CLANG_WARN__DUPLICATE_METHOD_MATCH = YES;
				"CODE_SIGN_IDENTITY[sdk=iphoneos*]" = "iPhone Developer";
				COPY_PHASE_STRIP = NO;
				DEBUG_INFORMATION_FORMAT = "dwarf-with-dsym";
				ENABLE_NS_ASSERTIONS = NO;
				ENABLE_STRICT_OBJC_MSGSEND = YES;
				GCC_C_LANGUAGE_STANDARD = gnu99;
				GCC_NO_COMMON_BLOCKS = YES;
				GCC_WARN_64_TO_32_BIT_CONVERSION = YES;
				GCC_WARN_ABOUT_RETURN_TYPE = YES_ERROR;
				GCC_WARN_UNDECLARED_SELECTOR = YES;
				GCC_WARN_UNINITIALIZED_AUTOS = YES_AGGRESSIVE;
				GCC_WARN_UNUSED_FUNCTION = YES;
				GCC_WARN_UNUSED_VARIABLE = YES;
				IPHONEOS_DEPLOYMENT_TARGET = 9.0;
				MTL_ENABLE_DEBUG_INFO = NO;
				SDKROOT = iphoneos;
				VALIDATE_PRODUCT = YES;
			};
			name = Release;
		};
		5AFED71B1BD6F1C000B991F8 /* Debug */ = {
			isa = XCBuildConfiguration;
			baseConfigurationReference = 537C071407B6987D28F3D85F /* Pods-pokedex.debug.xcconfig */;
			buildSettings = {
				ASSETCATALOG_COMPILER_APPICON_NAME = AppIcon;
				INFOPLIST_FILE = pokedex/Info.plist;
				LD_RUNPATH_SEARCH_PATHS = "$(inherited) @executable_path/Frameworks";
				PRODUCT_BUNDLE_IDENTIFIER = com.app.pokedex;
				PRODUCT_NAME = "$(TARGET_NAME)";
			};
			name = Debug;
		};
		5AFED71C1BD6F1C000B991F8 /* Release */ = {
			isa = XCBuildConfiguration;
			baseConfigurationReference = 6FB8CF44D39183427CD43DF3 /* Pods-pokedex.release.xcconfig */;
			buildSettings = {
				ASSETCATALOG_COMPILER_APPICON_NAME = AppIcon;
				INFOPLIST_FILE = pokedex/Info.plist;
				LD_RUNPATH_SEARCH_PATHS = "$(inherited) @executable_path/Frameworks";
				PRODUCT_BUNDLE_IDENTIFIER = com.app.pokedex;
				PRODUCT_NAME = "$(TARGET_NAME)";
			};
			name = Release;
		};
		5AFED71E1BD6F1C000B991F8 /* Debug */ = {
			isa = XCBuildConfiguration;
			buildSettings = {
				BUNDLE_LOADER = "$(TEST_HOST)";
				INFOPLIST_FILE = pokedexTests/Info.plist;
				LD_RUNPATH_SEARCH_PATHS = "$(inherited) @executable_path/Frameworks @loader_path/Frameworks";
				PRODUCT_BUNDLE_IDENTIFIER = com.app.pokedexTests;
				PRODUCT_NAME = "$(TARGET_NAME)";
				TEST_HOST = "$(BUILT_PRODUCTS_DIR)/pokedex.app/pokedex";
			};
			name = Debug;
		};
		5AFED71F1BD6F1C000B991F8 /* Release */ = {
			isa = XCBuildConfiguration;
			buildSettings = {
				BUNDLE_LOADER = "$(TEST_HOST)";
				INFOPLIST_FILE = pokedexTests/Info.plist;
				LD_RUNPATH_SEARCH_PATHS = "$(inherited) @executable_path/Frameworks @loader_path/Frameworks";
				PRODUCT_BUNDLE_IDENTIFIER = com.app.pokedexTests;
				PRODUCT_NAME = "$(TARGET_NAME)";
				TEST_HOST = "$(BUILT_PRODUCTS_DIR)/pokedex.app/pokedex";
			};
			name = Release;
		};
		5AFED7211BD6F1C000B991F8 /* Debug */ = {
			isa = XCBuildConfiguration;
			buildSettings = {
				INFOPLIST_FILE = pokedexUITests/Info.plist;
				LD_RUNPATH_SEARCH_PATHS = "$(inherited) @executable_path/Frameworks @loader_path/Frameworks";
				PRODUCT_BUNDLE_IDENTIFIER = com.app.pokedexUITests;
				PRODUCT_NAME = "$(TARGET_NAME)";
				TEST_TARGET_NAME = pokedex;
				USES_XCTRUNNER = YES;
			};
			name = Debug;
		};
		5AFED7221BD6F1C000B991F8 /* Release */ = {
			isa = XCBuildConfiguration;
			buildSettings = {
				INFOPLIST_FILE = pokedexUITests/Info.plist;
				LD_RUNPATH_SEARCH_PATHS = "$(inherited) @executable_path/Frameworks @loader_path/Frameworks";
				PRODUCT_BUNDLE_IDENTIFIER = com.app.pokedexUITests;
				PRODUCT_NAME = "$(TARGET_NAME)";
				TEST_TARGET_NAME = pokedex;
				USES_XCTRUNNER = YES;
			};
			name = Release;
		};
/* End XCBuildConfiguration section */

/* Begin XCConfigurationList section */
		5AFED6ED1BD6F1BF00B991F8 /* Build configuration list for PBXProject "pokedex" */ = {
			isa = XCConfigurationList;
			buildConfigurations = (
				5AFED7181BD6F1C000B991F8 /* Debug */,
				5AFED7191BD6F1C000B991F8 /* Release */,
			);
			defaultConfigurationIsVisible = 0;
			defaultConfigurationName = Release;
		};
		5AFED71A1BD6F1C000B991F8 /* Build configuration list for PBXNativeTarget "pokedex" */ = {
			isa = XCConfigurationList;
			buildConfigurations = (
				5AFED71B1BD6F1C000B991F8 /* Debug */,
				5AFED71C1BD6F1C000B991F8 /* Release */,
			);
			defaultConfigurationIsVisible = 0;
			defaultConfigurationName = Release;
		};
		5AFED71D1BD6F1C000B991F8 /* Build configuration list for PBXNativeTarget "pokedexTests" */ = {
			isa = XCConfigurationList;
			buildConfigurations = (
				5AFED71E1BD6F1C000B991F8 /* Debug */,
				5AFED71F1BD6F1C000B991F8 /* Release */,
			);
			defaultConfigurationIsVisible = 0;
			defaultConfigurationName = Release;
		};
		5AFED7201BD6F1C000B991F8 /* Build configuration list for PBXNativeTarget "pokedexUITests" */ = {
			isa = XCConfigurationList;
			buildConfigurations = (
				5AFED7211BD6F1C000B991F8 /* Debug */,
				5AFED7221BD6F1C000B991F8 /* Release */,
			);
			defaultConfigurationIsVisible = 0;
			defaultConfigurationName = Release;
		};
/* End XCConfigurationList section */
	};
	rootObject = 5AFED6EA1BD6F1BF00B991F8 /* Project object */;
}
